
Microsoft Visual Studio Solution File, Format Version 12.00
# Visual Studio Version 17
VisualStudioVersion = 17.5.33627.172
MinimumVisualStudioVersion = 10.0.40219.1
Project("{FAE04EC0-301F-11D3-BF4B-00C04F79EFBC}") = "Tokki.Android", "Tokki.Android\Tokki.Android.csproj", "{5E9CA729-0AD4-47ED-8D4F-C040CA775960}"
EndProject
Project("{FAE04EC0-301F-11D3-BF4B-00C04F79EFBC}") = "Tokki.iOS", "Tokki.iOS\Tokki.iOS.csproj", "{B6C8488E-5476-451C-BE0A-96828391A405}"
EndProject
Project("{FAE04EC0-301F-11D3-BF4B-00C04F79EFBC}") = "Tokki", "Tokki\Tokki.csproj", "{CDD6F3CD-E6DE-499C-A356-96291BDC6BF7}"
EndProject
Global
	GlobalSection(SolutionConfigurationPlatforms) = preSolution
		Debug|Any CPU = Debug|Any CPU
		Debug|iPhone = Debug|iPhone
		Debug|iPhoneSimulator = Debug|iPhoneSimulator
		Release|Any CPU = Release|Any CPU
		Release|iPhone = Release|iPhone
		Release|iPhoneSimulator = Release|iPhoneSimulator
	EndGlobalSection
	GlobalSection(ProjectConfigurationPlatforms) = postSolution
		{5E9CA729-0AD4-47ED-8D4F-C040CA775960}.Debug|Any CPU.ActiveCfg = Debug|Any CPU
		{5E9CA729-0AD4-47ED-8D4F-C040CA775960}.Debug|Any CPU.Build.0 = Debug|Any CPU
		{5E9CA729-0AD4-47ED-8D4F-C040CA775960}.Debug|Any CPU.Deploy.0 = Debug|Any CPU
		{5E9CA729-0AD4-47ED-8D4F-C040CA775960}.Debug|iPhone.ActiveCfg = Debug|Any CPU
		{5E9CA729-0AD4-47ED-8D4F-C040CA775960}.Debug|iPhone.Build.0 = Debug|Any CPU
		{5E9CA729-0AD4-47ED-8D4F-C040CA775960}.Debug|iPhone.Deploy.0 = Debug|Any CPU
		{5E9CA729-0AD4-47ED-8D4F-C040CA775960}.Debug|iPhoneSimulator.ActiveCfg = Debug|Any CPU
		{5E9CA729-0AD4-47ED-8D4F-C040CA775960}.Debug|iPhoneSimulator.Build.0 = Debug|Any CPU
		{5E9CA729-0AD4-47ED-8D4F-C040CA775960}.Debug|iPhoneSimulator.Deploy.0 = Debug|Any CPU
		{5E9CA729-0AD4-47ED-8D4F-C040CA775960}.Release|Any CPU.ActiveCfg = Release|Any CPU
		{5E9CA729-0AD4-47ED-8D4F-C040CA775960}.Release|Any CPU.Build.0 = Release|Any CPU
		{5E9CA729-0AD4-47ED-8D4F-C040CA775960}.Release|Any CPU.Deploy.0 = Release|Any CPU
		{5E9CA729-0AD4-47ED-8D4F-C040CA775960}.Release|iPhone.ActiveCfg = Release|Any CPU
		{5E9CA729-0AD4-47ED-8D4F-C040CA775960}.Release|iPhone.Build.0 = Release|Any CPU
		{5E9CA729-0AD4-47ED-8D4F-C040CA775960}.Release|iPhone.Deploy.0 = Release|Any CPU
		{5E9CA729-0AD4-47ED-8D4F-C040CA775960}.Release|iPhoneSimulator.ActiveCfg = Release|Any CPU
		{5E9CA729-0AD4-47ED-8D4F-C040CA775960}.Release|iPhoneSimulator.Build.0 = Release|Any CPU
		{5E9CA729-0AD4-47ED-8D4F-C040CA775960}.Release|iPhoneSimulator.Deploy.0 = Release|Any CPU
		{B6C8488E-5476-451C-BE0A-96828391A405}.Debug|Any CPU.ActiveCfg = Debug|iPhone
		{B6C8488E-5476-451C-BE0A-96828391A405}.Debug|Any CPU.Build.0 = Debug|iPhone
		{B6C8488E-5476-451C-BE0A-96828391A405}.Debug|Any CPU.Deploy.0 = Debug|iPhone
		{B6C8488E-5476-451C-BE0A-96828391A405}.Debug|iPhone.ActiveCfg = Debug|iPhone
		{B6C8488E-5476-451C-BE0A-96828391A405}.Debug|iPhone.Build.0 = Debug|iPhone
		{B6C8488E-5476-451C-BE0A-96828391A405}.Debug|iPhone.Deploy.0 = Debug|iPhone
		{B6C8488E-5476-451C-BE0A-96828391A405}.Debug|iPhoneSimulator.ActiveCfg = Debug|iPhoneSimulator
		{B6C8488E-5476-451C-BE0A-96828391A405}.Debug|iPhoneSimulator.Build.0 = Debug|iPhoneSimulator
		{B6C8488E-5476-451C-BE0A-96828391A405}.Debug|iPhoneSimulator.Deploy.0 = Debug|iPhoneSimulator
		{B6C8488E-5476-451C-BE0A-96828391A405}.Release|Any CPU.ActiveCfg = Release|iPhoneSimulator
		{B6C8488E-5476-451C-BE0A-96828391A405}.Release|Any CPU.Build.0 = Release|iPhoneSimulator
		{B6C8488E-5476-451C-BE0A-96828391A405}.Release|Any CPU.Deploy.0 = Release|iPhoneSimulator
		{B6C8488E-5476-451C-BE0A-96828391A405}.Release|iPhone.ActiveCfg = Release|iPhone
		{B6C8488E-5476-451C-BE0A-96828391A405}.Release|iPhone.Build.0 = Release|iPhone
		{B6C8488E-5476-451C-BE0A-96828391A405}.Release|iPhone.Deploy.0 = Release|iPhone
		{B6C8488E-5476-451C-BE0A-96828391A405}.Release|iPhoneSimulator.ActiveCfg = Release|iPhoneSimulator
		{B6C8488E-5476-451C-BE0A-96828391A405}.Release|iPhoneSimulator.Build.0 = Release|iPhoneSimulator
		{B6C8488E-5476-451C-BE0A-96828391A405}.Release|iPhoneSimulator.Deploy.0 = Release|iPhoneSimulator
		{CDD6F3CD-E6DE-499C-A356-96291BDC6BF7}.Debug|Any CPU.ActiveCfg = Debug|Any CPU
		{CDD6F3CD-E6DE-499C-A356-96291BDC6BF7}.Debug|Any CPU.Build.0 = Debug|Any CPU
		{CDD6F3CD-E6DE-499C-A356-96291BDC6BF7}.Debug|Any CPU.Deploy.0 = Debug|Any CPU
		{CDD6F3CD-E6DE-499C-A356-96291BDC6BF7}.Debug|iPhone.ActiveCfg = Debug|Any CPU
		{CDD6F3CD-E6DE-499C-A356-96291BDC6BF7}.Debug|iPhone.Build.0 = Debug|Any CPU
		{CDD6F3CD-E6DE-499C-A356-96291BDC6BF7}.Debug|iPhone.Deploy.0 = Debug|Any CPU
		{CDD6F3CD-E6DE-499C-A356-96291BDC6BF7}.Debug|iPhoneSimulator.ActiveCfg = Debug|Any CPU
		{CDD6F3CD-E6DE-499C-A356-96291BDC6BF7}.Debug|iPhoneSimulator.Build.0 = Debug|Any CPU
		{CDD6F3CD-E6DE-499C-A356-96291BDC6BF7}.Debug|iPhoneSimulator.Deploy.0 = Debug|Any CPU
		{CDD6F3CD-E6DE-499C-A356-96291BDC6BF7}.Release|Any CPU.ActiveCfg = Release|Any CPU
		{CDD6F3CD-E6DE-499C-A356-96291BDC6BF7}.Release|Any CPU.Build.0 = Release|Any CPU
		{CDD6F3CD-E6DE-499C-A356-96291BDC6BF7}.Release|Any CPU.Deploy.0 = Release|Any CPU
		{CDD6F3CD-E6DE-499C-A356-96291BDC6BF7}.Release|iPhone.ActiveCfg = Release|Any CPU
		{CDD6F3CD-E6DE-499C-A356-96291BDC6BF7}.Release|iPhone.Build.0 = Release|Any CPU
		{CDD6F3CD-E6DE-499C-A356-96291BDC6BF7}.Release|iPhone.Deploy.0 = Release|Any CPU
		{CDD6F3CD-E6DE-499C-A356-96291BDC6BF7}.Release|iPhoneSimulator.ActiveCfg = Release|Any CPU
		{CDD6F3CD-E6DE-499C-A356-96291BDC6BF7}.Release|iPhoneSimulator.Build.0 = Release|Any CPU
		{CDD6F3CD-E6DE-499C-A356-96291BDC6BF7}.Release|iPhoneSimulator.Deploy.0 = Release|Any CPU
	EndGlobalSection
	GlobalSection(SolutionProperties) = preSolution
		HideSolutionNode = FALSE
	EndGlobalSection
	GlobalSection(ExtensibilityGlobals) = postSolution
		SolutionGuid = {0ACBFF0B-98D8-4491-B074-94A482512AF1}
	EndGlobalSection
EndGlobal
